
Microsoft Visual Studio Solution File, Format Version 12.00
# Visual Studio Version 17
VisualStudioVersion = 17.6.33723.286
MinimumVisualStudioVersion = 10.0.40219.1
Project("{FAE04EC0-301F-11D3-BF4B-00C04F79EFBC}") = "CHGGenerator", "CHGGenerator.csproj", "{AB110687-A667-4760-9C03-194C72FBF776}"
EndProject
Global
	GlobalSection(SolutionConfigurationPlatforms) = preSolution
		Debug|Any CPU = Debug|Any CPU
		Release|Any CPU = Release|Any CPU
	EndGlobalSection
	GlobalSection(ProjectConfigurationPlatforms) = postSolution
		{AB110687-A667-4760-9C03-194C72FBF776}.Debug|Any CPU.ActiveCfg = Debug|Any CPU
		{AB110687-A667-4760-9C03-194C72FBF776}.Debug|Any CPU.Build.0 = Debug|Any CPU
		{AB110687-A667-4760-9C03-194C72FBF776}.Release|Any CPU.ActiveCfg = Release|Any CPU
		{AB110687-A667-4760-9C03-194C72FBF776}.Release|Any CPU.Build.0 = Release|Any CPU
	EndGlobalSection
	GlobalSection(SolutionProperties) = preSolution
		HideSolutionNode = FALSE
	EndGlobalSection
	GlobalSection(ExtensibilityGlobals) = postSolution
		SolutionGuid = {55DF6841-3D21-40FE-BCEE-0B4CECE7F83E}
	EndGlobalSection
EndGlobal
